// !$*UTF8*$!
{
	archiveVersion = 1;
	classes = {
	};
	objectVersion = 55;
	objects = {

/* Begin PBXBuildFile section */
		A1B968E726FE040800ED268B /* PECS_MakerApp.swift in Sources */ = {isa = PBXBuildFile; fileRef = A1B968E626FE040800ED268B /* PECS_MakerApp.swift */; };
		A1B968E926FE040800ED268B /* ContentView.swift in Sources */ = {isa = PBXBuildFile; fileRef = A1B968E826FE040800ED268B /* ContentView.swift */; };
		A1B968EB26FE040A00ED268B /* Assets.xcassets in Resources */ = {isa = PBXBuildFile; fileRef = A1B968EA26FE040A00ED268B /* Assets.xcassets */; };
		A1B968EE26FE040A00ED268B /* Preview Assets.xcassets in Resources */ = {isa = PBXBuildFile; fileRef = A1B968ED26FE040A00ED268B /* Preview Assets.xcassets */; };
		A1B968F826FE040A00ED268B /* PECS_MakerTests.swift in Sources */ = {isa = PBXBuildFile; fileRef = A1B968F726FE040A00ED268B /* PECS_MakerTests.swift */; };
		A1B9690226FE040A00ED268B /* PECS_MakerUITests.swift in Sources */ = {isa = PBXBuildFile; fileRef = A1B9690126FE040A00ED268B /* PECS_MakerUITests.swift */; };
		A1B9690426FE040A00ED268B /* PECS_MakerUITestsLaunchTests.swift in Sources */ = {isa = PBXBuildFile; fileRef = A1B9690326FE040A00ED268B /* PECS_MakerUITestsLaunchTests.swift */; };
/* End PBXBuildFile section */

/* Begin PBXContainerItemProxy section */
		A1B968F426FE040A00ED268B /* PBXContainerItemProxy */ = {
			isa = PBXContainerItemProxy;
			containerPortal = A1B968DB26FE040800ED268B /* Project object */;
			proxyType = 1;
			remoteGlobalIDString = A1B968E226FE040800ED268B;
			remoteInfo = "PECS Maker";
		};
		A1B968FE26FE040A00ED268B /* PBXContainerItemProxy */ = {
			isa = PBXContainerItemProxy;
			containerPortal = A1B968DB26FE040800ED268B /* Project object */;
			proxyType = 1;
			remoteGlobalIDString = A1B968E226FE040800ED268B;
			remoteInfo = "PECS Maker";
		};
/* End PBXContainerItemProxy section */

/* Begin PBXFileReference section */
		A1B968E326FE040800ED268B /* PECS Maker.app */ = {isa = PBXFileReference; explicitFileType = wrapper.application; includeInIndex = 0; path = "PECS Maker.app"; sourceTree = BUILT_PRODUCTS_DIR; };
		A1B968E626FE040800ED268B /* PECS_MakerApp.swift */ = {isa = PBXFileReference; lastKnownFileType = sourcecode.swift; path = PECS_MakerApp.swift; sourceTree = "<group>"; };
		A1B968E826FE040800ED268B /* ContentView.swift */ = {isa = PBXFileReference; lastKnownFileType = sourcecode.swift; path = ContentView.swift; sourceTree = "<group>"; };
		A1B968EA26FE040A00ED268B /* Assets.xcassets */ = {isa = PBXFileReference; lastKnownFileType = folder.assetcatalog; path = Assets.xcassets; sourceTree = "<group>"; };
		A1B968ED26FE040A00ED268B /* Preview Assets.xcassets */ = {isa = PBXFileReference; lastKnownFileType = folder.assetcatalog; path = "Preview Assets.xcassets"; sourceTree = "<group>"; };
		A1B968F326FE040A00ED268B /* PECS MakerTests.xctest */ = {isa = PBXFileReference; explicitFileType = wrapper.cfbundle; includeInIndex = 0; path = "PECS MakerTests.xctest"; sourceTree = BUILT_PRODUCTS_DIR; };
		A1B968F726FE040A00ED268B /* PECS_MakerTests.swift */ = {isa = PBXFileReference; lastKnownFileType = sourcecode.swift; path = PECS_MakerTests.swift; sourceTree = "<group>"; };
		A1B968FD26FE040A00ED268B /* PECS MakerUITests.xctest */ = {isa = PBXFileReference; explicitFileType = wrapper.cfbundle; includeInIndex = 0; path = "PECS MakerUITests.xctest"; sourceTree = BUILT_PRODUCTS_DIR; };
		A1B9690126FE040A00ED268B /* PECS_MakerUITests.swift */ = {isa = PBXFileReference; lastKnownFileType = sourcecode.swift; path = PECS_MakerUITests.swift; sourceTree = "<group>"; };
		A1B9690326FE040A00ED268B /* PECS_MakerUITestsLaunchTests.swift */ = {isa = PBXFileReference; lastKnownFileType = sourcecode.swift; path = PECS_MakerUITestsLaunchTests.swift; sourceTree = "<group>"; };
/* End PBXFileReference section */

/* Begin PBXFrameworksBuildPhase section */
		A1B968E026FE040800ED268B /* Frameworks */ = {
			isa = PBXFrameworksBuildPhase;
			buildActionMask = 2147483647;
			files = (
			);
			runOnlyForDeploymentPostprocessing = 0;
		};
		A1B968F026FE040A00ED268B /* Frameworks */ = {
			isa = PBXFrameworksBuildPhase;
			buildActionMask = 2147483647;
			files = (
			);
			runOnlyForDeploymentPostprocessing = 0;
		};
		A1B968FA26FE040A00ED268B /* Frameworks */ = {
			isa = PBXFrameworksBuildPhase;
			buildActionMask = 2147483647;
			files = (
			);
			runOnlyForDeploymentPostprocessing = 0;
		};
/* End PBXFrameworksBuildPhase section */

/* Begin PBXGroup section */
		A1B968DA26FE040800ED268B = {
			isa = PBXGroup;
			children = (
				A1B968E526FE040800ED268B /* PECS Maker */,
				A1B968F626FE040A00ED268B /* PECS MakerTests */,
				A1B9690026FE040A00ED268B /* PECS MakerUITests */,
				A1B968E426FE040800ED268B /* Products */,
			);
			sourceTree = "<group>";
		};
		A1B968E426FE040800ED268B /* Products */ = {
			isa = PBXGroup;
			children = (
				A1B968E326FE040800ED268B /* PECS Maker.app */,
				A1B968F326FE040A00ED268B /* PECS MakerTests.xctest */,
				A1B968FD26FE040A00ED268B /* PECS MakerUITests.xctest */,
			);
			name = Products;
			sourceTree = "<group>";
		};
		A1B968E526FE040800ED268B /* PECS Maker */ = {
			isa = PBXGroup;
			children = (
				A1B968E626FE040800ED268B /* PECS_MakerApp.swift */,
				A1B968E826FE040800ED268B /* ContentView.swift */,
				A1B968EA26FE040A00ED268B /* Assets.xcassets */,
				A1B968EC26FE040A00ED268B /* Preview Content */,
			);
			path = "PECS Maker";
			sourceTree = "<group>";
		};
		A1B968EC26FE040A00ED268B /* Preview Content */ = {
			isa = PBXGroup;
			children = (
				A1B968ED26FE040A00ED268B /* Preview Assets.xcassets */,
			);
			path = "Preview Content";
			sourceTree = "<group>";
		};
		A1B968F626FE040A00ED268B /* PECS MakerTests */ = {
			isa = PBXGroup;
			children = (
				A1B968F726FE040A00ED268B /* PECS_MakerTests.swift */,
			);
			path = "PECS MakerTests";
			sourceTree = "<group>";
		};
		A1B9690026FE040A00ED268B /* PECS MakerUITests */ = {
			isa = PBXGroup;
			children = (
				A1B9690126FE040A00ED268B /* PECS_MakerUITests.swift */,
				A1B9690326FE040A00ED268B /* PECS_MakerUITestsLaunchTests.swift */,
			);
			path = "PECS MakerUITests";
			sourceTree = "<group>";
		};
/* End PBXGroup section */

/* Begin PBXNativeTarget section */
		A1B968E226FE040800ED268B /* PECS Maker */ = {
			isa = PBXNativeTarget;
			buildConfigurationList = A1B9690726FE040A00ED268B /* Build configuration list for PBXNativeTarget "PECS Maker" */;
			buildPhases = (
				A1B968DF26FE040800ED268B /* Sources */,
				A1B968E026FE040800ED268B /* Frameworks */,
				A1B968E126FE040800ED268B /* Resources */,
			);
			buildRules = (
			);
			dependencies = (
			);
			name = "PECS Maker";
			productName = "PECS Maker";
			productReference = A1B968E326FE040800ED268B /* PECS Maker.app */;
			productType = "com.apple.product-type.application";
		};
		A1B968F226FE040A00ED268B /* PECS MakerTests */ = {
			isa = PBXNativeTarget;
			buildConfigurationList = A1B9690A26FE040A00ED268B /* Build configuration list for PBXNativeTarget "PECS MakerTests" */;
			buildPhases = (
				A1B968EF26FE040A00ED268B /* Sources */,
				A1B968F026FE040A00ED268B /* Frameworks */,
				A1B968F126FE040A00ED268B /* Resources */,
			);
			buildRules = (
			);
			dependencies = (
				A1B968F526FE040A00ED268B /* PBXTargetDependency */,
			);
			name = "PECS MakerTests";
			productName = "PECS MakerTests";
			productReference = A1B968F326FE040A00ED268B /* PECS MakerTests.xctest */;
			productType = "com.apple.product-type.bundle.unit-test";
		};
		A1B968FC26FE040A00ED268B /* PECS MakerUITests */ = {
			isa = PBXNativeTarget;
			buildConfigurationList = A1B9690D26FE040A00ED268B /* Build configuration list for PBXNativeTarget "PECS MakerUITests" */;
			buildPhases = (
				A1B968F926FE040A00ED268B /* Sources */,
				A1B968FA26FE040A00ED268B /* Frameworks */,
				A1B968FB26FE040A00ED268B /* Resources */,
			);
			buildRules = (
			);
			dependencies = (
				A1B968FF26FE040A00ED268B /* PBXTargetDependency */,
			);
			name = "PECS MakerUITests";
			productName = "PECS MakerUITests";
			productReference = A1B968FD26FE040A00ED268B /* PECS MakerUITests.xctest */;
			productType = "com.apple.product-type.bundle.ui-testing";
		};
/* End PBXNativeTarget section */

/* Begin PBXProject section */
		A1B968DB26FE040800ED268B /* Project object */ = {
			isa = PBXProject;
			attributes = {
				BuildIndependentTargetsInParallel = 1;
				LastSwiftUpdateCheck = 1300;
				LastUpgradeCheck = 1300;
				TargetAttributes = {
					A1B968E226FE040800ED268B = {
						CreatedOnToolsVersion = 13.0;
					};
					A1B968F226FE040A00ED268B = {
						CreatedOnToolsVersion = 13.0;
						TestTargetID = A1B968E226FE040800ED268B;
					};
					A1B968FC26FE040A00ED268B = {
						CreatedOnToolsVersion = 13.0;
						TestTargetID = A1B968E226FE040800ED268B;
					};
				};
			};
			buildConfigurationList = A1B968DE26FE040800ED268B /* Build configuration list for PBXProject "PECS Maker" */;
			compatibilityVersion = "Xcode 13.0";
			developmentRegion = en;
			hasScannedForEncodings = 0;
			knownRegions = (
				en,
				Base,
			);
			mainGroup = A1B968DA26FE040800ED268B;
			productRefGroup = A1B968E426FE040800ED268B /* Products */;
			projectDirPath = "";
			projectRoot = "";
			targets = (
				A1B968E226FE040800ED268B /* PECS Maker */,
				A1B968F226FE040A00ED268B /* PECS MakerTests */,
				A1B968FC26FE040A00ED268B /* PECS MakerUITests */,
			);
		};
/* End PBXProject section */

/* Begin PBXResourcesBuildPhase section */
		A1B968E126FE040800ED268B /* Resources */ = {
			isa = PBXResourcesBuildPhase;
			buildActionMask = 2147483647;
			files = (
				A1B968EE26FE040A00ED268B /* Preview Assets.xcassets in Resources */,
				A1B968EB26FE040A00ED268B /* Assets.xcassets in Resources */,
			);
			runOnlyForDeploymentPostprocessing = 0;
		};
		A1B968F126FE040A00ED268B /* Resources */ = {
			isa = PBXResourcesBuildPhase;
			buildActionMask = 2147483647;
			files = (
			);
			runOnlyForDeploymentPostprocessing = 0;
		};
		A1B968FB26FE040A00ED268B /* Resources */ = {
			isa = PBXResourcesBuildPhase;
			buildActionMask = 2147483647;
			files = (
			);
			runOnlyForDeploymentPostprocessing = 0;
		};
/* End PBXResourcesBuildPhase section */

/* Begin PBXSourcesBuildPhase section */
		A1B968DF26FE040800ED268B /* Sources */ = {
			isa = PBXSourcesBuildPhase;
			buildActionMask = 2147483647;
			files = (
				A1B968E926FE040800ED268B /* ContentView.swift in Sources */,
				A1B968E726FE040800ED268B /* PECS_MakerApp.swift in Sources */,
			);
			runOnlyForDeploymentPostprocessing = 0;
		};
		A1B968EF26FE040A00ED268B /* Sources */ = {
			isa = PBXSourcesBuildPhase;
			buildActionMask = 2147483647;
			files = (
				A1B968F826FE040A00ED268B /* PECS_MakerTests.swift in Sources */,
			);
			runOnlyForDeploymentPostprocessing = 0;
		};
		A1B968F926FE040A00ED268B /* Sources */ = {
			isa = PBXSourcesBuildPhase;
			buildActionMask = 2147483647;
			files = (
				A1B9690426FE040A00ED268B /* PECS_MakerUITestsLaunchTests.swift in Sources */,
				A1B9690226FE040A00ED268B /* PECS_MakerUITests.swift in Sources */,
			);
			runOnlyForDeploymentPostprocessing = 0;
		};
/* End PBXSourcesBuildPhase section */

/* Begin PBXTargetDependency section */
		A1B968F526FE040A00ED268B /* PBXTargetDependency */ = {
			isa = PBXTargetDependency;
			target = A1B968E226FE040800ED268B /* PECS Maker */;
			targetProxy = A1B968F426FE040A00ED268B /* PBXContainerItemProxy */;
		};
		A1B968FF26FE040A00ED268B /* PBXTargetDependency */ = {
			isa = PBXTargetDependency;
			target = A1B968E226FE040800ED268B /* PECS Maker */;
			targetProxy = A1B968FE26FE040A00ED268B /* PBXContainerItemProxy */;
		};
/* End PBXTargetDependency section */

/* Begin XCBuildConfiguration section */
		A1B9690526FE040A00ED268B /* Debug */ = {
			isa = XCBuildConfiguration;
			buildSettings = {
				ALWAYS_SEARCH_USER_PATHS = NO;
				CLANG_ANALYZER_NONNULL = YES;
				CLANG_ANALYZER_NUMBER_OBJECT_CONVERSION = YES_AGGRESSIVE;
				CLANG_CXX_LANGUAGE_STANDARD = "gnu++17";
				CLANG_CXX_LIBRARY = "libc++";
				CLANG_ENABLE_MODULES = YES;
				CLANG_ENABLE_OBJC_ARC = YES;
				CLANG_ENABLE_OBJC_WEAK = YES;
				CLANG_WARN_BLOCK_CAPTURE_AUTORELEASING = YES;
				CLANG_WARN_BOOL_CONVERSION = YES;
				CLANG_WARN_COMMA = YES;
				CLANG_WARN_CONSTANT_CONVERSION = YES;
				CLANG_WARN_DEPRECATED_OBJC_IMPLEMENTATIONS = YES;
				CLANG_WARN_DIRECT_OBJC_ISA_USAGE = YES_ERROR;
				CLANG_WARN_DOCUMENTATION_COMMENTS = YES;
				CLANG_WARN_EMPTY_BODY = YES;
				CLANG_WARN_ENUM_CONVERSION = YES;
				CLANG_WARN_INFINITE_RECURSION = YES;
				CLANG_WARN_INT_CONVERSION = YES;
				CLANG_WARN_NON_LITERAL_NULL_CONVERSION = YES;
				CLANG_WARN_OBJC_IMPLICIT_RETAIN_SELF = YES;
				CLANG_WARN_OBJC_LITERAL_CONVERSION = YES;
				CLANG_WARN_OBJC_ROOT_CLASS = YES_ERROR;
				CLANG_WARN_QUOTED_INCLUDE_IN_FRAMEWORK_HEADER = YES;
				CLANG_WARN_RANGE_LOOP_ANALYSIS = YES;
				CLANG_WARN_STRICT_PROTOTYPES = YES;
				CLANG_WARN_SUSPICIOUS_MOVE = YES;
				CLANG_WARN_UNGUARDED_AVAILABILITY = YES_AGGRESSIVE;
				CLANG_WARN_UNREACHABLE_CODE = YES;
				CLANG_WARN__DUPLICATE_METHOD_MATCH = YES;
				COPY_PHASE_STRIP = NO;
				DEBUG_INFORMATION_FORMAT = dwarf;
				ENABLE_STRICT_OBJC_MSGSEND = YES;
				ENABLE_TESTABILITY = YES;
				GCC_C_LANGUAGE_STANDARD = gnu11;
				GCC_DYNAMIC_NO_PIC = NO;
				GCC_NO_COMMON_BLOCKS = YES;
				GCC_OPTIMIZATION_LEVEL = 0;
				GCC_PREPROCESSOR_DEFINITIONS = (
					"DEBUG=1",
					"$(inherited)",
				);
				GCC_WARN_64_TO_32_BIT_CONVERSION = YES;
				GCC_WARN_ABOUT_RETURN_TYPE = YES_ERROR;
				GCC_WARN_UNDECLARED_SELECTOR = YES;
				GCC_WARN_UNINITIALIZED_AUTOS = YES_AGGRESSIVE;
				GCC_WARN_UNUSED_FUNCTION = YES;
				GCC_WARN_UNUSED_VARIABLE = YES;
				IPHONEOS_DEPLOYMENT_TARGET = 15.0;
				MTL_ENABLE_DEBUG_INFO = INCLUDE_SOURCE;
				MTL_FAST_MATH = YES;
				ONLY_ACTIVE_ARCH = YES;
				SDKROOT = iphoneos;
				SWIFT_ACTIVE_COMPILATION_CONDITIONS = DEBUG;
				SWIFT_OPTIMIZATION_LEVEL = "-Onone";
			};
			name = Debug;
		};
		A1B9690626FE040A00ED268B /* Release */ = {
			isa = XCBuildConfiguration;
			buildSettings = {
				ALWAYS_SEARCH_USER_PATHS = NO;
				CLANG_ANALYZER_NONNULL = YES;
				CLANG_ANALYZER_NUMBER_OBJECT_CONVERSION = YES_AGGRESSIVE;
				CLANG_CXX_LANGUAGE_STANDARD = "gnu++17";
				CLANG_CXX_LIBRARY = "libc++";
				CLANG_ENABLE_MODULES = YES;
				CLANG_ENABLE_OBJC_ARC = YES;
				CLANG_ENABLE_OBJC_WEAK = YES;
				CLANG_WARN_BLOCK_CAPTURE_AUTORELEASING = YES;
				CLANG_WARN_BOOL_CONVERSION = YES;
				CLANG_WARN_COMMA = YES;
				CLANG_WARN_CONSTANT_CONVERSION = YES;
				CLANG_WARN_DEPRECATED_OBJC_IMPLEMENTATIONS = YES;
				CLANG_WARN_DIRECT_OBJC_ISA_USAGE = YES_ERROR;
				CLANG_WARN_DOCUMENTATION_COMMENTS = YES;
				CLANG_WARN_EMPTY_BODY = YES;
				CLANG_WARN_ENUM_CONVERSION = YES;
				CLANG_WARN_INFINITE_RECURSION = YES;
				CLANG_WARN_INT_CONVERSION = YES;
				CLANG_WARN_NON_LITERAL_NULL_CONVERSION = YES;
				CLANG_WARN_OBJC_IMPLICIT_RETAIN_SELF = YES;
				CLANG_WARN_OBJC_LITERAL_CONVERSION = YES;
				CLANG_WARN_OBJC_ROOT_CLASS = YES_ERROR;
				CLANG_WARN_QUOTED_INCLUDE_IN_FRAMEWORK_HEADER = YES;
				CLANG_WARN_RANGE_LOOP_ANALYSIS = YES;
				CLANG_WARN_STRICT_PROTOTYPES = YES;
				CLANG_WARN_SUSPICIOUS_MOVE = YES;
				CLANG_WARN_UNGUARDED_AVAILABILITY = YES_AGGRESSIVE;
				CLANG_WARN_UNREACHABLE_CODE = YES;
				CLANG_WARN__DUPLICATE_METHOD_MATCH = YES;
				COPY_PHASE_STRIP = NO;
				DEBUG_INFORMATION_FORMAT = "dwarf-with-dsym";
				ENABLE_NS_ASSERTIONS = NO;
				ENABLE_STRICT_OBJC_MSGSEND = YES;
				GCC_C_LANGUAGE_STANDARD = gnu11;
				GCC_NO_COMMON_BLOCKS = YES;
				GCC_WARN_64_TO_32_BIT_CONVERSION = YES;
				GCC_WARN_ABOUT_RETURN_TYPE = YES_ERROR;
				GCC_WARN_UNDECLARED_SELECTOR = YES;
				GCC_WARN_UNINITIALIZED_AUTOS = YES_AGGRESSIVE;
				GCC_WARN_UNUSED_FUNCTION = YES;
				GCC_WARN_UNUSED_VARIABLE = YES;
				IPHONEOS_DEPLOYMENT_TARGET = 15.0;
				MTL_ENABLE_DEBUG_INFO = NO;
				MTL_FAST_MATH = YES;
				SDKROOT = iphoneos;
				SWIFT_COMPILATION_MODE = wholemodule;
				SWIFT_OPTIMIZATION_LEVEL = "-O";
				VALIDATE_PRODUCT = YES;
			};
			name = Release;
		};
		A1B9690826FE040A00ED268B /* Debug */ = {
			isa = XCBuildConfiguration;
			buildSettings = {
				ASSETCATALOG_COMPILER_APPICON_NAME = AppIcon;
				ASSETCATALOG_COMPILER_GLOBAL_ACCENT_COLOR_NAME = AccentColor;
				CODE_SIGN_STYLE = Automatic;
				CURRENT_PROJECT_VERSION = 1;
				DEVELOPMENT_ASSET_PATHS = "\"PECS Maker/Preview Content\"";
				DEVELOPMENT_TEAM = 633764X8QU;
				ENABLE_PREVIEWS = YES;
				GENERATE_INFOPLIST_FILE = YES;
				INFOPLIST_KEY_UIApplicationSceneManifest_Generation = YES;
				INFOPLIST_KEY_UIApplicationSupportsIndirectInputEvents = YES;
				INFOPLIST_KEY_UILaunchScreen_Generation = YES;
				INFOPLIST_KEY_UISupportedInterfaceOrientations_iPad = "UIInterfaceOrientationPortrait UIInterfaceOrientationPortraitUpsideDown UIInterfaceOrientationLandscapeLeft UIInterfaceOrientationLandscapeRight";
				INFOPLIST_KEY_UISupportedInterfaceOrientations_iPhone = "UIInterfaceOrientationPortrait UIInterfaceOrientationLandscapeLeft UIInterfaceOrientationLandscapeRight";
				IPHONEOS_DEPLOYMENT_TARGET = 14.0;
				LD_RUNPATH_SEARCH_PATHS = (
					"$(inherited)",
					"@executable_path/Frameworks",
				);
				MARKETING_VERSION = 1.0;
				PRODUCT_BUNDLE_IDENTIFIER = "com.brightblue.PECS-Maker";
				PRODUCT_NAME = "$(TARGET_NAME)";
				SWIFT_EMIT_LOC_STRINGS = YES;
				SWIFT_VERSION = 5.0;
				TARGETED_DEVICE_FAMILY = "1,2";
			};
			name = Debug;
		};
		A1B9690926FE040A00ED268B /* Release */ = {
			isa = XCBuildConfiguration;
			buildSettings = {
				ASSETCATALOG_COMPILER_APPICON_NAME = AppIcon;
				ASSETCATALOG_COMPILER_GLOBAL_ACCENT_COLOR_NAME = AccentColor;
				CODE_SIGN_STYLE = Automatic;
				CURRENT_PROJECT_VERSION = 1;
				DEVELOPMENT_ASSET_PATHS = "\"PECS Maker/Preview Content\"";
				DEVELOPMENT_TEAM = 633764X8QU;
				ENABLE_PREVIEWS = YES;
				GENERATE_INFOPLIST_FILE = YES;
				INFOPLIST_KEY_UIApplicationSceneManifest_Generation = YES;
				INFOPLIST_KEY_UIApplicationSupportsIndirectInputEvents = YES;
				INFOPLIST_KEY_UILaunchScreen_Generation = YES;
				INFOPLIST_KEY_UISupportedInterfaceOrientations_iPad = "UIInterfaceOrientationPortrait UIInterfaceOrientationPortraitUpsideDown UIInterfaceOrientationLandscapeLeft UIInterfaceOrientationLandscapeRight";
				INFOPLIST_KEY_UISupportedInterfaceOrientations_iPhone = "UIInterfaceOrientationPortrait UIInterfaceOrientationLandscapeLeft UIInterfaceOrientationLandscapeRight";
				IPHONEOS_DEPLOYMENT_TARGET = 14.0;
				LD_RUNPATH_SEARCH_PATHS = (
					"$(inherited)",
					"@executable_path/Frameworks",
				);
				MARKETING_VERSION = 1.0;
				PRODUCT_BUNDLE_IDENTIFIER = "com.brightblue.PECS-Maker";
				PRODUCT_NAME = "$(TARGET_NAME)";
				SWIFT_EMIT_LOC_STRINGS = YES;
				SWIFT_VERSION = 5.0;
				TARGETED_DEVICE_FAMILY = "1,2";
			};
			name = Release;
		};
		A1B9690B26FE040A00ED268B /* Debug */ = {
			isa = XCBuildConfiguration;
			buildSettings = {
				ALWAYS_EMBED_SWIFT_STANDARD_LIBRARIES = YES;
				BUNDLE_LOADER = "$(TEST_HOST)";
				CODE_SIGN_STYLE = Automatic;
				CURRENT_PROJECT_VERSION = 1;
				DEVELOPMENT_TEAM = 633764X8QU;
				GENERATE_INFOPLIST_FILE = YES;
				IPHONEOS_DEPLOYMENT_TARGET = 14.0;
				LD_RUNPATH_SEARCH_PATHS = (
					"$(inherited)",
					"@executable_path/Frameworks",
					"@loader_path/Frameworks",
				);
				MARKETING_VERSION = 1.0;
				PRODUCT_BUNDLE_IDENTIFIER = "com.brightblue.PECS-MakerTests";
				PRODUCT_NAME = "$(TARGET_NAME)";
				SWIFT_EMIT_LOC_STRINGS = NO;
				SWIFT_VERSION = 5.0;
				TARGETED_DEVICE_FAMILY = "1,2";
				TEST_HOST = "$(BUILT_PRODUCTS_DIR)/PECS Maker.app/PECS Maker";
			};
			name = Debug;
		};
		A1B9690C26FE040A00ED268B /* Release */ = {
			isa = XCBuildConfiguration;
			buildSettings = {
				ALWAYS_EMBED_SWIFT_STANDARD_LIBRARIES = YES;
				BUNDLE_LOADER = "$(TEST_HOST)";
				CODE_SIGN_STYLE = Automatic;
				CURRENT_PROJECT_VERSION = 1;
				DEVELOPMENT_TEAM = 633764X8QU;
				GENERATE_INFOPLIST_FILE = YES;
				IPHONEOS_DEPLOYMENT_TARGET = 14.0;
				LD_RUNPATH_SEARCH_PATHS = (
					"$(inherited)",
					"@executable_path/Frameworks",
					"@loader_path/Frameworks",
				);
				MARKETING_VERSION = 1.0;
				PRODUCT_BUNDLE_IDENTIFIER = "com.brightblue.PECS-MakerTests";
				PRODUCT_NAME = "$(TARGET_NAME)";
				SWIFT_EMIT_LOC_STRINGS = NO;
				SWIFT_VERSION = 5.0;
				TARGETED_DEVICE_FAMILY = "1,2";
				TEST_HOST = "$(BUILT_PRODUCTS_DIR)/PECS Maker.app/PECS Maker";
			};
			name = Release;
		};
		A1B9690E26FE040A00ED268B /* Debug */ = {
			isa = XCBuildConfiguration;
			buildSettings = {
				ALWAYS_EMBED_SWIFT_STANDARD_LIBRARIES = YES;
				CODE_SIGN_STYLE = Automatic;
				CURRENT_PROJECT_VERSION = 1;
				DEVELOPMENT_TEAM = 633764X8QU;
				GENERATE_INFOPLIST_FILE = YES;
				LD_RUNPATH_SEARCH_PATHS = (
					"$(inherited)",
					"@executable_path/Frameworks",
					"@loader_path/Frameworks",
				);
				MARKETING_VERSION = 1.0;
				PRODUCT_BUNDLE_IDENTIFIER = "com.brightblue.PECS-MakerUITests";
				PRODUCT_NAME = "$(TARGET_NAME)";
				SWIFT_EMIT_LOC_STRINGS = NO;
				SWIFT_VERSION = 5.0;
				TARGETED_DEVICE_FAMILY = "1,2";
				TEST_TARGET_NAME = "PECS Maker";
			};
			name = Debug;
		};
		A1B9690F26FE040A00ED268B /* Release */ = {
			isa = XCBuildConfiguration;
			buildSettings = {
				ALWAYS_EMBED_SWIFT_STANDARD_LIBRARIES = YES;
				CODE_SIGN_STYLE = Automatic;
				CURRENT_PROJECT_VERSION = 1;
				DEVELOPMENT_TEAM = 633764X8QU;
				GENERATE_INFOPLIST_FILE = YES;
				LD_RUNPATH_SEARCH_PATHS = (
					"$(inherited)",
					"@executable_path/Frameworks",
					"@loader_path/Frameworks",
				);
				MARKETING_VERSION = 1.0;
				PRODUCT_BUNDLE_IDENTIFIER = "com.brightblue.PECS-MakerUITests";
				PRODUCT_NAME = "$(TARGET_NAME)";
				SWIFT_EMIT_LOC_STRINGS = NO;
				SWIFT_VERSION = 5.0;
				TARGETED_DEVICE_FAMILY = "1,2";
				TEST_TARGET_NAME = "PECS Maker";
			};
			name = Release;
		};
/* End XCBuildConfiguration section */

/* Begin XCConfigurationList section */
		A1B968DE26FE040800ED268B /* Build configuration list for PBXProject "PECS Maker" */ = {
			isa = XCConfigurationList;
			buildConfigurations = (
				A1B9690526FE040A00ED268B /* Debug */,
				A1B9690626FE040A00ED268B /* Release */,
			);
			defaultConfigurationIsVisible = 0;
			defaultConfigurationName = Release;
		};
		A1B9690726FE040A00ED268B /* Build configuration list for PBXNativeTarget "PECS Maker" */ = {
			isa = XCConfigurationList;
			buildConfigurations = (
				A1B9690826FE040A00ED268B /* Debug */,
				A1B9690926FE040A00ED268B /* Release */,
			);
			defaultConfigurationIsVisible = 0;
			defaultConfigurationName = Release;
		};
		A1B9690A26FE040A00ED268B /* Build configuration list for PBXNativeTarget "PECS MakerTests" */ = {
			isa = XCConfigurationList;
			buildConfigurations = (
				A1B9690B26FE040A00ED268B /* Debug */,
				A1B9690C26FE040A00ED268B /* Release */,
			);
			defaultConfigurationIsVisible = 0;
			defaultConfigurationName = Release;
		};
		A1B9690D26FE040A00ED268B /* Build configuration list for PBXNativeTarget "PECS MakerUITests" */ = {
			isa = XCConfigurationList;
			buildConfigurations = (
				A1B9690E26FE040A00ED268B /* Debug */,
				A1B9690F26FE040A00ED268B /* Release */,
			);
			defaultConfigurationIsVisible = 0;
			defaultConfigurationName = Release;
		};
/* End XCConfigurationList section */
	};
	rootObject = A1B968DB26FE040800ED268B /* Project object */;
}
