<?xml version="1.0" encoding="UTF-8"?>
<Scheme
   LastUpgradeVersion = "1330"
   version = "1.3">
   <BuildAction
      parallelizeBuildables = "YES"
      buildImplicitDependencies = "YES">
   </BuildAction>
   <TestAction
      buildConfiguration = "Debug"
      selectedDebuggerIdentifier = "Xcode.DebuggerFoundation.Debugger.LLDB"
      selectedLauncherIdentifier = "Xcode.DebuggerFoundation.Launcher.LLDB"
      shouldUseLaunchSchemeArgsEnv = "YES">
      <Testables>
         <TestableReference
            skipped = "NO">
            <BuildableReference
               BuildableIdentifier = "primary"
               BlueprintIdentifier = "A1B968FC26FE040A00ED268B"
               BuildableName = "PECS MakerUITests.xctest"
               BlueprintName = "PECS MakerUITests"
               ReferencedContainer = "container:PECS Maker.xcodeproj">
            </BuildableReference>
            <SelectedTests>
               <Test
                  Identifier = "ScreenshotDarkModeTests/testPopulatedTopicScreen()">
               </Test>
               <Test
                  Identifier = "ScreenshotDarkModeTests/testStartScreenForDarkMode()">
               </Test>
               <Test
                  Identifier = "ScreenshotMultipleImageTests/testEndToEndMultipleImages()">
               </Test>
               <Test
                  Identifier = "ScreenshotSingleImageTests/testEndToEndSingleImage()">
               </Test>
               <Test
                  Identifier = "ScreenshotTopicsScreenTests/testPopulatedTopicScreen()">
               </Test>
            </SelectedTests>
         </TestableReference>
      </Testables>
   </TestAction>
   <LaunchAction
      buildConfiguration = "Debug"
      selectedDebuggerIdentifier = "Xcode.DebuggerFoundation.Debugger.LLDB"
      selectedLauncherIdentifier = "Xcode.DebuggerFoundation.Launcher.LLDB"
      launchStyle = "0"
      useCustomWorkingDirectory = "NO"
      ignoresPersistentStateOnLaunch = "NO"
      debugDocumentVersioning = "YES"
      debugServiceExtension = "internal"
      allowLocationSimulation = "YES">
      <BuildableProductRunnable
         runnableDebuggingMode = "0">
         <BuildableReference
            BuildableIdentifier = "primary"
            BlueprintIdentifier = "A1B968E226FE040800ED268B"
            BuildableName = "PECS Maker.app"
            BlueprintName = "PECS Maker"
            ReferencedContainer = "container:PECS Maker.xcodeproj">
         </BuildableReference>
      </BuildableProductRunnable>
      <CommandLineArguments>
         <CommandLineArgument
            argument = "-mfAutoFill"
            isEnabled = "YES">
         </CommandLineArgument>
      </CommandLineArguments>
      <EnvironmentVariables>
         <EnvironmentVariable
            key = "takeSnapshots"
            value = "1"
            isEnabled = "YES">
         </EnvironmentVariable>
      </EnvironmentVariables>
   </LaunchAction>
   <ProfileAction
      buildConfiguration = "Release"
      shouldUseLaunchSchemeArgsEnv = "YES"
      savedToolIdentifier = ""
      useCustomWorkingDirectory = "NO"
      debugDocumentVersioning = "YES">
      <MacroExpansion>
         <BuildableReference
            BuildableIdentifier = "primary"
            BlueprintIdentifier = "A1B968E226FE040800ED268B"
            BuildableName = "PECS Maker.app"
            BlueprintName = "PECS Maker"
            ReferencedContainer = "container:PECS Maker.xcodeproj">
         </BuildableReference>
      </MacroExpansion>
   </ProfileAction>
   <AnalyzeAction
      buildConfiguration = "Debug">
   </AnalyzeAction>
   <ArchiveAction
      buildConfiguration = "Release"
      revealArchiveInOrganizer = "YES">
   </ArchiveAction>
</Scheme>
