{
  "pins" : [
    {
      "identity" : "abseil-cpp-binary",
      "kind" : "remoteSourceControl",
      "location" : "https://github.com/google/abseil-cpp-binary.git",
      "state" : {
        "revision" : "bfc0b6f81adc06ce5121eb23f628473638d67c5c",
        "version" : "1.2022062300.0"
      }
    },
    {
      "identity" : "alamofire",
      "kind" : "remoteSourceControl",
      "location" : "https://github.com/Alamofire/Alamofire.git",
      "state" : {
        "revision" : "bc268c28fb170f494de9e9927c371b8342979ece",
        "version" : "5.7.1"
      }
    },
    {
      "identity" : "dynamicblurview",
      "kind" : "remoteSourceControl",
      "location" : "https://github.com/KyoheiG3/DynamicBlurView",
      "state" : {
        "branch" : "master",
        "revision" : "d69b09d70a689dc7b8ea6aa6de3e63f9e6c545ce"
      }
    },
    {
      "identity" : "firebase-ios-sdk",
      "kind" : "remoteSourceControl",
      "location" : "https://github.com/firebase/firebase-ios-sdk",
      "state" : {
        "revision" : "5034479ca0c4f32f299677fb0ba1fe4d3e3e20b4",
        "version" : "10.10.0"
      }
    },
    {
      "identity" : "floaty",
      "kind" : "remoteSourceControl",
      "location" : "https://github.com/kciter/Floaty.git",
      "state" : {
        "revision" : "535588fbb334ccc968a22f81dd7b022db6838d51"
      }
    },
    {
      "identity" : "fontawesome.swift",
      "kind" : "remoteSourceControl",
      "location" : "https://github.com/thii/FontAwesome.swift",
      "state" : {
        "revision" : "07883a32d49dfc7bdedbeea115067b53dfbeeb43",
        "version" : "1.9.1"
      }
    },
    {
      "identity" : "googleappmeasurement",
      "kind" : "remoteSourceControl",
      "location" : "https://github.com/google/GoogleAppMeasurement.git",
      "state" : {
        "revision" : "69f5b8425dd473d2f2475bba7f88f82cd9da0e36",
        "version" : "10.10.0"
      }
    },
    {
      "identity" : "googledatatransport",
      "kind" : "remoteSourceControl",
      "location" : "https://github.com/google/GoogleDataTransport.git",
      "state" : {
        "revision" : "7874c1b48cbffd086ce8a052c4be873a78613775",
        "version" : "9.2.3"
      }
    },
    {
      "identity" : "googleutilities",
      "kind" : "remoteSourceControl",
      "location" : "https://github.com/google/GoogleUtilities.git",
      "state" : {
        "revision" : "871d43135925cde39ef7421d8723ce47edfdcc39",
        "version" : "7.11.1"
      }
    },
    {
      "identity" : "grpc-binary",
      "kind" : "remoteSourceControl",
      "location" : "https://github.com/google/grpc-binary.git",
      "state" : {
        "revision" : "2b7656d8ee892cd39db460b1a0d849de618405e6",
        "version" : "1.50.1"
      }
    },
    {
      "identity" : "gtm-session-fetcher",
      "kind" : "remoteSourceControl",
      "location" : "https://github.com/google/gtm-session-fetcher.git",
      "state" : {
        "revision" : "5ccda3981422a84186387dbb763ba739178b529c",
        "version" : "2.3.0"
      }
    },
    {
      "identity" : "kingfisher",
      "kind" : "remoteSourceControl",
      "location" : "https://github.com/onevcat/Kingfisher",
      "state" : {
        "revision" : "af4be924ad984cf4d16f4ae4df424e79a443d435",
        "version" : "7.6.2"
      }
    },
    {
      "identity" : "lazy-view-swiftui",
      "kind" : "remoteSourceControl",
      "location" : "https://github.com/joehinkle11/Lazy-View-SwiftUI",
      "state" : {
        "branch" : "master",
        "revision" : "0f838ed8eb0beb3faab35aae225f2545a1dd5338"
      }
    },
    {
      "identity" : "leveldb",
      "kind" : "remoteSourceControl",
      "location" : "https://github.com/firebase/leveldb.git",
      "state" : {
        "revision" : "0706abcc6b0bd9cedfbb015ba840e4a780b5159b",
        "version" : "1.22.2"
      }
    },
    {
      "identity" : "lottie-ios",
      "kind" : "remoteSourceControl",
      "location" : "https://github.com/airbnb/lottie-ios",
      "state" : {
        "revision" : "b4bd0604ded9574807f41b4004b57dd1226a30a4",
        "version" : "3.5.0"
      }
    },
    {
      "identity" : "macaw",
      "kind" : "remoteSourceControl",
      "location" : "https://github.com/exyte/Macaw.git",
      "state" : {
        "branch" : "master",
        "revision" : "3622eafde9a480e129d126cc98c87525923eb2fa"
      }
    },
    {
      "identity" : "media",
      "kind" : "remoteSourceControl",
      "location" : "https://github.com/crelies/Media",
      "state" : {
        "revision" : "84acbe8e4f5c62e304582d5a2d32edfaa509f839",
        "version" : "3.0.0"
      }
    },
    {
      "identity" : "nanopb",
      "kind" : "remoteSourceControl",
      "location" : "https://github.com/firebase/nanopb.git",
      "state" : {
        "revision" : "819d0a2173aff699fb8c364b6fb906f7cdb1a692",
        "version" : "2.30909.0"
      }
    },
    {
      "identity" : "popovers",
      "kind" : "remoteSourceControl",
      "location" : "https://github.com/aheze/Popovers",
      "state" : {
        "revision" : "de44c4dd7271ec6413fe350f7efadb14e5e18dce",
        "version" : "1.3.2"
      }
    },
    {
      "identity" : "popupdialog",
      "kind" : "remoteSourceControl",
      "location" : "https://github.com/Orderella/PopupDialog",
      "state" : {
        "branch" : "master",
        "revision" : "d41ac7c7fa7b940c355490281ea8b2fc39c8f599"
      }
    },
    {
      "identity" : "promises",
      "kind" : "remoteSourceControl",
      "location" : "https://github.com/google/promises.git",
      "state" : {
        "revision" : "ec957ccddbcc710ccc64c9dcbd4c7006fcf8b73a",
        "version" : "2.2.0"
      }
    },
    {
      "identity" : "prynttrimmerview",
      "kind" : "remoteSourceControl",
      "location" : "https://github.com/HHK1/PryntTrimmerView",
      "state" : {
        "revision" : "ac1b60a22c7e6a6514de7a66d2f3d5b537c956d5",
        "version" : "4.0.2"
      }
    },
    {
      "identity" : "sfsafesymbols",
      "kind" : "remoteSourceControl",
      "location" : "https://github.com/SFSafeSymbols/SFSafeSymbols.git",
      "state" : {
        "revision" : "7cca2d60925876b5953a2cf7341cd80fbeac983c",
        "version" : "4.1.1"
      }
    },
    {
      "identity" : "sqlite.swift",
      "kind" : "remoteSourceControl",
      "location" : "https://github.com/stephencelis/SQLite.swift.git",
      "state" : {
        "revision" : "7a2e3cd27de56f6d396e84f63beefd0267b55ccb",
        "version" : "0.14.1"
      }
    },
    {
      "identity" : "stevia",
      "kind" : "remoteSourceControl",
      "location" : "https://github.com/freshOS/Stevia",
      "state" : {
        "revision" : "87dd17a86240f16788239a78dd8be11c4b013150",
        "version" : "4.8.0"
      }
    },
    {
      "identity" : "swift-focuser",
      "kind" : "remoteSourceControl",
      "location" : "https://github.com/art-technologies/swift-focuser",
      "state" : {
        "revision" : "f874246f370218994469b74939b88d564be1f810",
        "version" : "0.2.0"
      }
    },
    {
      "identity" : "swift-protobuf",
      "kind" : "remoteSourceControl",
      "location" : "https://github.com/apple/swift-protobuf.git",
      "state" : {
        "revision" : "0af9125c4eae12a4973fb66574c53a54962a9e1e",
        "version" : "1.21.0"
      }
    },
    {
      "identity" : "swift-snapshot-testing",
      "kind" : "remoteSourceControl",
      "location" : "https://github.com/pointfreeco/swift-snapshot-testing",
      "state" : {
        "revision" : "f29e2014f6230cf7d5138fc899da51c7f513d467",
        "version" : "1.10.0"
      }
    },
    {
      "identity" : "swiftui-introspect",
      "kind" : "remoteSourceControl",
      "location" : "https://github.com/siteline/SwiftUI-Introspect.git",
      "state" : {
        "revision" : "f2616860a41f9d9932da412a8978fec79c06fe24",
        "version" : "0.1.4"
      }
    },
    {
      "identity" : "swiftuix",
      "kind" : "remoteSourceControl",
      "location" : "https://github.com/SwiftUIX/SwiftUIX",
      "state" : {
        "revision" : "1c2ba19b91a1541b803f9d1b01b360cae5a752fa",
        "version" : "0.1.3"
      }
    },
    {
      "identity" : "swiftyjson",
      "kind" : "remoteSourceControl",
      "location" : "https://github.com/SwiftyJSON/SwiftyJSON",
      "state" : {
        "revision" : "b3dcd7dbd0d488e1a7077cb33b00f2083e382f07",
        "version" : "5.0.1"
      }
    },
    {
      "identity" : "swxmlhash",
      "kind" : "remoteSourceControl",
      "location" : "https://github.com/drmohundro/SWXMLHash",
      "state" : {
        "revision" : "6469881a3f30417c5bb02404ea4b69207f297592",
        "version" : "6.0.0"
      }
    },
    {
      "identity" : "tweenkit",
      "kind" : "remoteSourceControl",
      "location" : "https://github.com/SteveBarnegren/TweenKit",
      "state" : {
        "revision" : "a852bf49aec855202592a0fda385b6cdc3135627",
        "version" : "1.0.3"
      }
    },
    {
      "identity" : "ypimagepicker",
      "kind" : "remoteSourceControl",
      "location" : "https://github.com/Yummypets/YPImagePicker",
      "state" : {
        "revision" : "4dbae7a1f69db3d65c47f4106d0ca09f678edeaf",
        "version" : "5.2.1"
      }
    },
    {
      "identity" : "zipfoundation",
      "kind" : "remoteSourceControl",
      "location" : "https://github.com/weichsel/ZIPFoundation.git",
      "state" : {
        "revision" : "43ec568034b3731101dbf7670765d671c30f54f3",
        "version" : "0.9.16"
      }
    },
    {
      "identity" : "zlphotobrowser",
      "kind" : "remoteSourceControl",
      "location" : "https://github.com/longitachi/ZLPhotoBrowser",
      "state" : {
        "revision" : "b651ee1483b91adfb8bebc3bdfa5fa870100365a",
        "version" : "4.3.6"
      }
    }
  ],
  "version" : 2
}
